PODS:
  - Flutter (1.0.0)
  - flutter_prevent_screen_capture (0.0.1):
    - Flutter

DEPENDENCIES:
  - Flutter (from `Flutter`)
  - flutter_prevent_screen_capture (from `.symlinks/plugins/flutter_prevent_screen_capture/ios`)

EXTERNAL SOURCES:
  Flutter:
    :path: Flutter
  flutter_prevent_screen_capture:
    :path: ".symlinks/plugins/flutter_prevent_screen_capture/ios"

SPEC CHECKSUMS:
  Flutter: f04841e97a9d0b0a8025694d0796dd46242b2854
  flutter_prevent_screen_capture: c49f4e7c9d4e543e262e9e20e806f24c8782d636

PODFILE CHECKSUM: 70d9d25280d0dd177a5f637cdb0f0b0b12c6a189

COCOAPODS: 1.12.1
